
Microsoft Visual Studio Solution File, Format Version 12.00
# Visual Studio 15
VisualStudioVersion = 15.0.28307.572
MinimumVisualStudioVersion = 10.0.40219.1
Project("{FAE04EC0-301F-11D3-BF4B-00C04F79EFBC}") = "ExcellenceIT", "ExcellenceIT\ExcellenceIT.csproj", "{3B6AF9C5-FA2E-4E3A-A016-9F23A2C77303}"
EndProject
Global
	GlobalSection(SolutionConfigurationPlatforms) = preSolution
		Debug|Any CPU = Debug|Any CPU
		Release|Any CPU = Release|Any CPU
	EndGlobalSection
	GlobalSection(ProjectConfigurationPlatforms) = postSolution
		{3B6AF9C5-FA2E-4E3A-A016-9F23A2C77303}.Debug|Any CPU.ActiveCfg = Debug|Any CPU
		{3B6AF9C5-FA2E-4E3A-A016-9F23A2C77303}.Debug|Any CPU.Build.0 = Debug|Any CPU
		{3B6AF9C5-FA2E-4E3A-A016-9F23A2C77303}.Release|Any CPU.ActiveCfg = Release|Any CPU
		{3B6AF9C5-FA2E-4E3A-A016-9F23A2C77303}.Release|Any CPU.Build.0 = Release|Any CPU
	EndGlobalSection
	GlobalSection(SolutionProperties) = preSolution
		HideSolutionNode = FALSE
	EndGlobalSection
	GlobalSection(ExtensibilityGlobals) = postSolution
		SolutionGuid = {E891DB31-3080-49D2-AC34-D8C62E1DD030}
	EndGlobalSection
EndGlobal
